
Microsoft Visual Studio Solution File, Format Version 12.00
Project("{FAE04EC0-301F-11D3-BF4B-00C04F79EFBC}") = "Task_01", "Task_01\Task_01.csproj", "{990B49F3-EE1E-4713-A5C1-4DB1ED8CBAAB}"
EndProject
Project("{FAE04EC0-301F-11D3-BF4B-00C04F79EFBC}") = "Task_02", "Task_02\Task_02.csproj", "{CAE2CC5F-3013-48C0-9146-D5C9472C77A7}"
EndProject
Project("{FAE04EC0-301F-11D3-BF4B-00C04F79EFBC}") = "Task_03", "Task_03\Task_03.csproj", "{825132D2-2973-450B-AF7E-51E71B682071}"
EndProject
Project("{FAE04EC0-301F-11D3-BF4B-00C04F79EFBC}") = "Task_04", "Task_04\Task_04.csproj", "{D975868D-6915-49E9-9021-A26814067950}"
EndProject
Project("{FAE04EC0-301F-11D3-BF4B-00C04F79EFBC}") = "Task_05", "Task_05\Task_05.csproj", "{1CD06C2A-38D0-4480-B90B-B7841EFE729D}"
EndProject
Global
	GlobalSection(SolutionConfigurationPlatforms) = preSolution
		Debug|Any CPU = Debug|Any CPU
		Release|Any CPU = Release|Any CPU
	EndGlobalSection
	GlobalSection(ProjectConfigurationPlatforms) = postSolution
		{990B49F3-EE1E-4713-A5C1-4DB1ED8CBAAB}.Debug|Any CPU.ActiveCfg = Debug|Any CPU
		{990B49F3-EE1E-4713-A5C1-4DB1ED8CBAAB}.Debug|Any CPU.Build.0 = Debug|Any CPU
		{990B49F3-EE1E-4713-A5C1-4DB1ED8CBAAB}.Release|Any CPU.ActiveCfg = Release|Any CPU
		{990B49F3-EE1E-4713-A5C1-4DB1ED8CBAAB}.Release|Any CPU.Build.0 = Release|Any CPU
		{CAE2CC5F-3013-48C0-9146-D5C9472C77A7}.Debug|Any CPU.ActiveCfg = Debug|Any CPU
		{CAE2CC5F-3013-48C0-9146-D5C9472C77A7}.Debug|Any CPU.Build.0 = Debug|Any CPU
		{CAE2CC5F-3013-48C0-9146-D5C9472C77A7}.Release|Any CPU.ActiveCfg = Release|Any CPU
		{CAE2CC5F-3013-48C0-9146-D5C9472C77A7}.Release|Any CPU.Build.0 = Release|Any CPU
		{825132D2-2973-450B-AF7E-51E71B682071}.Debug|Any CPU.ActiveCfg = Debug|Any CPU
		{825132D2-2973-450B-AF7E-51E71B682071}.Debug|Any CPU.Build.0 = Debug|Any CPU
		{825132D2-2973-450B-AF7E-51E71B682071}.Release|Any CPU.ActiveCfg = Release|Any CPU
		{825132D2-2973-450B-AF7E-51E71B682071}.Release|Any CPU.Build.0 = Release|Any CPU
		{D975868D-6915-49E9-9021-A26814067950}.Debug|Any CPU.ActiveCfg = Debug|Any CPU
		{D975868D-6915-49E9-9021-A26814067950}.Debug|Any CPU.Build.0 = Debug|Any CPU
		{D975868D-6915-49E9-9021-A26814067950}.Release|Any CPU.ActiveCfg = Release|Any CPU
		{D975868D-6915-49E9-9021-A26814067950}.Release|Any CPU.Build.0 = Release|Any CPU
		{1CD06C2A-38D0-4480-B90B-B7841EFE729D}.Debug|Any CPU.ActiveCfg = Debug|Any CPU
		{1CD06C2A-38D0-4480-B90B-B7841EFE729D}.Debug|Any CPU.Build.0 = Debug|Any CPU
		{1CD06C2A-38D0-4480-B90B-B7841EFE729D}.Release|Any CPU.ActiveCfg = Release|Any CPU
		{1CD06C2A-38D0-4480-B90B-B7841EFE729D}.Release|Any CPU.Build.0 = Release|Any CPU
	EndGlobalSection
EndGlobal
