
Microsoft Visual Studio Solution File, Format Version 12.00
Project("{FAE04EC0-301F-11D3-BF4B-00C04F79EFBC}") = "Task_01", "Task_01\Task_01.csproj", "{78F230AC-573F-4C68-9BA9-7E60CAAC4ECB}"
EndProject
Project("{FAE04EC0-301F-11D3-BF4B-00C04F79EFBC}") = "Task_02", "Task_02\Task_02.csproj", "{2B4224B1-804B-41B3-A012-F23B240FCA42}"
EndProject
Project("{FAE04EC0-301F-11D3-BF4B-00C04F79EFBC}") = "Task_03", "Task_03\Task_03.csproj", "{9066C32F-B98D-4656-9B5E-A08F254708A2}"
EndProject
Project("{FAE04EC0-301F-11D3-BF4B-00C04F79EFBC}") = "Task_04", "Task_04\Task_04.csproj", "{8449D2CC-D54C-4B45-B5FE-027097769C57}"
EndProject
Global
	GlobalSection(SolutionConfigurationPlatforms) = preSolution
		Debug|Any CPU = Debug|Any CPU
		Release|Any CPU = Release|Any CPU
	EndGlobalSection
	GlobalSection(ProjectConfigurationPlatforms) = postSolution
		{78F230AC-573F-4C68-9BA9-7E60CAAC4ECB}.Debug|Any CPU.ActiveCfg = Debug|Any CPU
		{78F230AC-573F-4C68-9BA9-7E60CAAC4ECB}.Debug|Any CPU.Build.0 = Debug|Any CPU
		{78F230AC-573F-4C68-9BA9-7E60CAAC4ECB}.Release|Any CPU.ActiveCfg = Release|Any CPU
		{78F230AC-573F-4C68-9BA9-7E60CAAC4ECB}.Release|Any CPU.Build.0 = Release|Any CPU
		{2B4224B1-804B-41B3-A012-F23B240FCA42}.Debug|Any CPU.ActiveCfg = Debug|Any CPU
		{2B4224B1-804B-41B3-A012-F23B240FCA42}.Debug|Any CPU.Build.0 = Debug|Any CPU
		{2B4224B1-804B-41B3-A012-F23B240FCA42}.Release|Any CPU.ActiveCfg = Release|Any CPU
		{2B4224B1-804B-41B3-A012-F23B240FCA42}.Release|Any CPU.Build.0 = Release|Any CPU
		{9066C32F-B98D-4656-9B5E-A08F254708A2}.Debug|Any CPU.ActiveCfg = Debug|Any CPU
		{9066C32F-B98D-4656-9B5E-A08F254708A2}.Debug|Any CPU.Build.0 = Debug|Any CPU
		{9066C32F-B98D-4656-9B5E-A08F254708A2}.Release|Any CPU.ActiveCfg = Release|Any CPU
		{9066C32F-B98D-4656-9B5E-A08F254708A2}.Release|Any CPU.Build.0 = Release|Any CPU
		{8449D2CC-D54C-4B45-B5FE-027097769C57}.Debug|Any CPU.ActiveCfg = Debug|Any CPU
		{8449D2CC-D54C-4B45-B5FE-027097769C57}.Debug|Any CPU.Build.0 = Debug|Any CPU
		{8449D2CC-D54C-4B45-B5FE-027097769C57}.Release|Any CPU.ActiveCfg = Release|Any CPU
		{8449D2CC-D54C-4B45-B5FE-027097769C57}.Release|Any CPU.Build.0 = Release|Any CPU
	EndGlobalSection
EndGlobal
