
Microsoft Visual Studio Solution File, Format Version 12.00
Project("{FAE04EC0-301F-11D3-BF4B-00C04F79EFBC}") = "Task_01", "Task_01\Task_01.csproj", "{BC031663-FCB7-491D-BCE8-1F5AECAC1C16}"
EndProject
Project("{FAE04EC0-301F-11D3-BF4B-00C04F79EFBC}") = "Task_02", "Task_02\Task_02.csproj", "{BF9FFC11-6A70-4F4D-A87A-053D564F14AA}"
EndProject
Global
	GlobalSection(SolutionConfigurationPlatforms) = preSolution
		Debug|Any CPU = Debug|Any CPU
		Release|Any CPU = Release|Any CPU
	EndGlobalSection
	GlobalSection(ProjectConfigurationPlatforms) = postSolution
		{BC031663-FCB7-491D-BCE8-1F5AECAC1C16}.Debug|Any CPU.ActiveCfg = Debug|Any CPU
		{BC031663-FCB7-491D-BCE8-1F5AECAC1C16}.Debug|Any CPU.Build.0 = Debug|Any CPU
		{BC031663-FCB7-491D-BCE8-1F5AECAC1C16}.Release|Any CPU.ActiveCfg = Release|Any CPU
		{BC031663-FCB7-491D-BCE8-1F5AECAC1C16}.Release|Any CPU.Build.0 = Release|Any CPU
		{BF9FFC11-6A70-4F4D-A87A-053D564F14AA}.Debug|Any CPU.ActiveCfg = Debug|Any CPU
		{BF9FFC11-6A70-4F4D-A87A-053D564F14AA}.Debug|Any CPU.Build.0 = Debug|Any CPU
		{BF9FFC11-6A70-4F4D-A87A-053D564F14AA}.Release|Any CPU.ActiveCfg = Release|Any CPU
		{BF9FFC11-6A70-4F4D-A87A-053D564F14AA}.Release|Any CPU.Build.0 = Release|Any CPU
	EndGlobalSection
EndGlobal
