
Microsoft Visual Studio Solution File, Format Version 12.00
Project("{FAE04EC0-301F-11D3-BF4B-00C04F79EFBC}") = "Task_01", "Task_01\Task_01.csproj", "{D7802536-8D71-4E8E-BEE7-5D411DD00290}"
EndProject
Project("{FAE04EC0-301F-11D3-BF4B-00C04F79EFBC}") = "Task_02", "Task_02\Task_02.csproj", "{D26EB5CC-C7F4-4D63-96DC-00ED880138A5}"
EndProject
Project("{FAE04EC0-301F-11D3-BF4B-00C04F79EFBC}") = "Task_03", "Task_03\Task_03.csproj", "{9AFBE15E-46D2-4879-B835-3F20BDD8E426}"
EndProject
Project("{FAE04EC0-301F-11D3-BF4B-00C04F79EFBC}") = "Task_04", "Task_04\Task_04.csproj", "{ABDAB937-863C-43F5-946A-97819926877E}"
EndProject
Project("{FAE04EC0-301F-11D3-BF4B-00C04F79EFBC}") = "Task_05", "Task_05\Task_05.csproj", "{ABD7BA92-A158-4E5C-9538-65B576C51453}"
EndProject
Project("{FAE04EC0-301F-11D3-BF4B-00C04F79EFBC}") = "Task_06", "Task_06\Task_06.csproj", "{80D13F76-2351-452C-A5BC-B5989EEF6DFD}"
EndProject
Project("{FAE04EC0-301F-11D3-BF4B-00C04F79EFBC}") = "Task_07", "Task_07\Task_07.csproj", "{145E1BEF-C808-4504-A6BA-056424B24A9C}"
EndProject
Project("{FAE04EC0-301F-11D3-BF4B-00C04F79EFBC}") = "Task_08", "Task_08\Task_08.csproj", "{5E30A4B3-2AA7-4C21-AD89-4E2F2AD9A42D}"
EndProject
Project("{FAE04EC0-301F-11D3-BF4B-00C04F79EFBC}") = "Task_09", "Task_09\Task_09.csproj", "{2BABF391-C1CE-4F82-9771-F6D6A5135607}"
EndProject
Project("{FAE04EC0-301F-11D3-BF4B-00C04F79EFBC}") = "Task_10", "Task_10\Task_10.csproj", "{65B6B82D-115E-4EBD-8189-9F78937E4606}"
EndProject
Global
	GlobalSection(SolutionConfigurationPlatforms) = preSolution
		Debug|Any CPU = Debug|Any CPU
		Release|Any CPU = Release|Any CPU
	EndGlobalSection
	GlobalSection(ProjectConfigurationPlatforms) = postSolution
		{D7802536-8D71-4E8E-BEE7-5D411DD00290}.Debug|Any CPU.ActiveCfg = Debug|Any CPU
		{D7802536-8D71-4E8E-BEE7-5D411DD00290}.Debug|Any CPU.Build.0 = Debug|Any CPU
		{D7802536-8D71-4E8E-BEE7-5D411DD00290}.Release|Any CPU.ActiveCfg = Release|Any CPU
		{D7802536-8D71-4E8E-BEE7-5D411DD00290}.Release|Any CPU.Build.0 = Release|Any CPU
		{D26EB5CC-C7F4-4D63-96DC-00ED880138A5}.Debug|Any CPU.ActiveCfg = Debug|Any CPU
		{D26EB5CC-C7F4-4D63-96DC-00ED880138A5}.Debug|Any CPU.Build.0 = Debug|Any CPU
		{D26EB5CC-C7F4-4D63-96DC-00ED880138A5}.Release|Any CPU.ActiveCfg = Release|Any CPU
		{D26EB5CC-C7F4-4D63-96DC-00ED880138A5}.Release|Any CPU.Build.0 = Release|Any CPU
		{9AFBE15E-46D2-4879-B835-3F20BDD8E426}.Debug|Any CPU.ActiveCfg = Debug|Any CPU
		{9AFBE15E-46D2-4879-B835-3F20BDD8E426}.Debug|Any CPU.Build.0 = Debug|Any CPU
		{9AFBE15E-46D2-4879-B835-3F20BDD8E426}.Release|Any CPU.ActiveCfg = Release|Any CPU
		{9AFBE15E-46D2-4879-B835-3F20BDD8E426}.Release|Any CPU.Build.0 = Release|Any CPU
		{ABDAB937-863C-43F5-946A-97819926877E}.Debug|Any CPU.ActiveCfg = Debug|Any CPU
		{ABDAB937-863C-43F5-946A-97819926877E}.Debug|Any CPU.Build.0 = Debug|Any CPU
		{ABDAB937-863C-43F5-946A-97819926877E}.Release|Any CPU.ActiveCfg = Release|Any CPU
		{ABDAB937-863C-43F5-946A-97819926877E}.Release|Any CPU.Build.0 = Release|Any CPU
		{ABD7BA92-A158-4E5C-9538-65B576C51453}.Debug|Any CPU.ActiveCfg = Debug|Any CPU
		{ABD7BA92-A158-4E5C-9538-65B576C51453}.Debug|Any CPU.Build.0 = Debug|Any CPU
		{ABD7BA92-A158-4E5C-9538-65B576C51453}.Release|Any CPU.ActiveCfg = Release|Any CPU
		{ABD7BA92-A158-4E5C-9538-65B576C51453}.Release|Any CPU.Build.0 = Release|Any CPU
		{80D13F76-2351-452C-A5BC-B5989EEF6DFD}.Debug|Any CPU.ActiveCfg = Debug|Any CPU
		{80D13F76-2351-452C-A5BC-B5989EEF6DFD}.Debug|Any CPU.Build.0 = Debug|Any CPU
		{80D13F76-2351-452C-A5BC-B5989EEF6DFD}.Release|Any CPU.ActiveCfg = Release|Any CPU
		{80D13F76-2351-452C-A5BC-B5989EEF6DFD}.Release|Any CPU.Build.0 = Release|Any CPU
		{145E1BEF-C808-4504-A6BA-056424B24A9C}.Debug|Any CPU.ActiveCfg = Debug|Any CPU
		{145E1BEF-C808-4504-A6BA-056424B24A9C}.Debug|Any CPU.Build.0 = Debug|Any CPU
		{145E1BEF-C808-4504-A6BA-056424B24A9C}.Release|Any CPU.ActiveCfg = Release|Any CPU
		{145E1BEF-C808-4504-A6BA-056424B24A9C}.Release|Any CPU.Build.0 = Release|Any CPU
		{5E30A4B3-2AA7-4C21-AD89-4E2F2AD9A42D}.Debug|Any CPU.ActiveCfg = Debug|Any CPU
		{5E30A4B3-2AA7-4C21-AD89-4E2F2AD9A42D}.Debug|Any CPU.Build.0 = Debug|Any CPU
		{5E30A4B3-2AA7-4C21-AD89-4E2F2AD9A42D}.Release|Any CPU.ActiveCfg = Release|Any CPU
		{5E30A4B3-2AA7-4C21-AD89-4E2F2AD9A42D}.Release|Any CPU.Build.0 = Release|Any CPU
		{2BABF391-C1CE-4F82-9771-F6D6A5135607}.Debug|Any CPU.ActiveCfg = Debug|Any CPU
		{2BABF391-C1CE-4F82-9771-F6D6A5135607}.Debug|Any CPU.Build.0 = Debug|Any CPU
		{2BABF391-C1CE-4F82-9771-F6D6A5135607}.Release|Any CPU.ActiveCfg = Release|Any CPU
		{2BABF391-C1CE-4F82-9771-F6D6A5135607}.Release|Any CPU.Build.0 = Release|Any CPU
		{65B6B82D-115E-4EBD-8189-9F78937E4606}.Debug|Any CPU.ActiveCfg = Debug|Any CPU
		{65B6B82D-115E-4EBD-8189-9F78937E4606}.Debug|Any CPU.Build.0 = Debug|Any CPU
		{65B6B82D-115E-4EBD-8189-9F78937E4606}.Release|Any CPU.ActiveCfg = Release|Any CPU
		{65B6B82D-115E-4EBD-8189-9F78937E4606}.Release|Any CPU.Build.0 = Release|Any CPU
	EndGlobalSection
EndGlobal
